// !$*UTF8*$!
{
	archiveVersion = 1;
	classes = {
	};
	objectVersion = 52;
	objects = {

/* Begin PBXBuildFile section */
		7154D0DC26F51F4E00266E37 /* NewsFeedDataLoader.swift in Sources */ = {isa = PBXBuildFile; fileRef = 7154D0DB26F51F4E00266E37 /* NewsFeedDataLoader.swift */; };
		7154D0E026F5217300266E37 /* NewsFeedDataLoaderDelegate.swift in Sources */ = {isa = PBXBuildFile; fileRef = 7154D0DF26F5217300266E37 /* NewsFeedDataLoaderDelegate.swift */; };
		7183328626F3104300F73983 /* AuthenticationService.swift in Sources */ = {isa = PBXBuildFile; fileRef = 7183328526F3104300F73983 /* AuthenticationService.swift */; };
		7183328B26F3145800F73983 /* AuthenticationServiceDelegate.swift in Sources */ = {isa = PBXBuildFile; fileRef = 7183328A26F3145800F73983 /* AuthenticationServiceDelegate.swift */; };
		7183328D26F31DAB00F73983 /* NewsFeedViewController.swift in Sources */ = {isa = PBXBuildFile; fileRef = 7183328C26F31DAB00F73983 /* NewsFeedViewController.swift */; };
		7183328F26F31FE400F73983 /* NewsFeedView.swift in Sources */ = {isa = PBXBuildFile; fileRef = 7183328E26F31FE400F73983 /* NewsFeedView.swift */; };
		7183329226F32CF000F73983 /* APIMethod.swift in Sources */ = {isa = PBXBuildFile; fileRef = 7183329126F32CEF00F73983 /* APIMethod.swift */; };
		7183329426F32F4A00F73983 /* NetworkService.swift in Sources */ = {isa = PBXBuildFile; fileRef = 7183329326F32F4A00F73983 /* NetworkService.swift */; };
		7183329726F332FC00F73983 /* SceneDelegateTopMostViewControllerExtension.swift in Sources */ = {isa = PBXBuildFile; fileRef = 7183329626F332FC00F73983 /* SceneDelegateTopMostViewControllerExtension.swift */; };
		71985BB726F381C500EE1C66 /* WrappedFeedResponse.swift in Sources */ = {isa = PBXBuildFile; fileRef = 71985BB626F381C500EE1C66 /* WrappedFeedResponse.swift */; };
		71985BB926F382B400EE1C66 /* FeedItem.swift in Sources */ = {isa = PBXBuildFile; fileRef = 71985BB826F382B400EE1C66 /* FeedItem.swift */; };
		71985BBB26F382CF00EE1C66 /* Count.swift in Sources */ = {isa = PBXBuildFile; fileRef = 71985BBA26F382CF00EE1C66 /* Count.swift */; };
		71985BBD26F3833200EE1C66 /* Profile.swift in Sources */ = {isa = PBXBuildFile; fileRef = 71985BBC26F3833200EE1C66 /* Profile.swift */; };
		71985BBF26F3864D00EE1C66 /* Attachment.swift in Sources */ = {isa = PBXBuildFile; fileRef = 71985BBE26F3864D00EE1C66 /* Attachment.swift */; };
		71985BC126F386A300EE1C66 /* Photo.swift in Sources */ = {isa = PBXBuildFile; fileRef = 71985BC026F386A300EE1C66 /* Photo.swift */; };
		71985BC326F386CA00EE1C66 /* Group.swift in Sources */ = {isa = PBXBuildFile; fileRef = 71985BC226F386CA00EE1C66 /* Group.swift */; };
		71985BC526F386D600EE1C66 /* PhotoSize.swift in Sources */ = {isa = PBXBuildFile; fileRef = 71985BC426F386D600EE1C66 /* PhotoSize.swift */; };
		71985BC826F388EB00EE1C66 /* Image.swift in Sources */ = {isa = PBXBuildFile; fileRef = 71985BC726F388EB00EE1C66 /* Image.swift */; };
		71985BCA26F3890200EE1C66 /* Video.swift in Sources */ = {isa = PBXBuildFile; fileRef = 71985BC926F3890200EE1C66 /* Video.swift */; };
		71985BCD26F3A48200EE1C66 /* FeedResponse.swift in Sources */ = {isa = PBXBuildFile; fileRef = 71985BCC26F3A48200EE1C66 /* FeedResponse.swift */; };
		71BBAE9626F4B66D0052CD04 /* NewsFeedCollectionViewCell.swift in Sources */ = {isa = PBXBuildFile; fileRef = 71BBAE9526F4B66D0052CD04 /* NewsFeedCollectionViewCell.swift */; };
		71BBAE9826F50C3F0052CD04 /* UIConstants.swift in Sources */ = {isa = PBXBuildFile; fileRef = 71BBAE9726F50C3F0052CD04 /* UIConstants.swift */; };
		71BBAE9A26F513420052CD04 /* NewsFeedSizeCalculator.swift in Sources */ = {isa = PBXBuildFile; fileRef = 71BBAE9926F513420052CD04 /* NewsFeedSizeCalculator.swift */; };
		71BBAE9F26F51AEC0052CD04 /* NewsFeedDataProvider.swift in Sources */ = {isa = PBXBuildFile; fileRef = 71BBAE9E26F51AEC0052CD04 /* NewsFeedDataProvider.swift */; };
		71BBAEA126F51D9C0052CD04 /* DoubleReduceScaleExtension.swift in Sources */ = {isa = PBXBuildFile; fileRef = 71BBAEA026F51D9C0052CD04 /* DoubleReduceScaleExtension.swift */; };
		71BBCA2226F3AA5E0082FF3B /* NewsFeedHeaderView.swift in Sources */ = {isa = PBXBuildFile; fileRef = 71BBCA2126F3AA5E0082FF3B /* NewsFeedHeaderView.swift */; };
		71BBCA2426F3AA710082FF3B /* NewsFeedTableViewCell.swift in Sources */ = {isa = PBXBuildFile; fileRef = 71BBCA2326F3AA710082FF3B /* NewsFeedTableViewCell.swift */; };
		71BBCA2626F3AF640082FF3B /* HeaderRepresentable.swift in Sources */ = {isa = PBXBuildFile; fileRef = 71BBCA2526F3AF640082FF3B /* HeaderRepresentable.swift */; };
		71BBCA2826F3B1990082FF3B /* NewsFeedFooterView.swift in Sources */ = {isa = PBXBuildFile; fileRef = 71BBCA2726F3B1990082FF3B /* NewsFeedFooterView.swift */; };
		71BD7A8E26F25DF000DCA7CB /* LoginView.swift in Sources */ = {isa = PBXBuildFile; fileRef = 71BD7A8D26F25DF000DCA7CB /* LoginView.swift */; };
		71C6F23126F251FD00224D2E /* AppDelegate.swift in Sources */ = {isa = PBXBuildFile; fileRef = 71C6F23026F251FD00224D2E /* AppDelegate.swift */; };
		71C6F23326F251FD00224D2E /* SceneDelegate.swift in Sources */ = {isa = PBXBuildFile; fileRef = 71C6F23226F251FD00224D2E /* SceneDelegate.swift */; };
		71C6F23526F251FD00224D2E /* LoginViewController.swift in Sources */ = {isa = PBXBuildFile; fileRef = 71C6F23426F251FD00224D2E /* LoginViewController.swift */; };
		71C6F23A26F251FE00224D2E /* Assets.xcassets in Resources */ = {isa = PBXBuildFile; fileRef = 71C6F23926F251FE00224D2E /* Assets.xcassets */; };
		71C6F23D26F251FE00224D2E /* LaunchScreen.storyboard in Resources */ = {isa = PBXBuildFile; fileRef = 71C6F23B26F251FE00224D2E /* LaunchScreen.storyboard */; };
		71C6F24526F255E700224D2E /* README.md in Resources */ = {isa = PBXBuildFile; fileRef = 71C6F24426F255E700224D2E /* README.md */; };
		71C6F24726F259D400224D2E /* ApplicationCoordinator.swift in Sources */ = {isa = PBXBuildFile; fileRef = 71C6F24626F259D400224D2E /* ApplicationCoordinator.swift */; };
		71C6F24C26F25BBE00224D2E /* Kingfisher.xcframework in Frameworks */ = {isa = PBXBuildFile; fileRef = 71C6F24926F25BBE00224D2E /* Kingfisher.xcframework */; };
		71C6F24D26F25BBE00224D2E /* Kingfisher.xcframework in Embed Frameworks */ = {isa = PBXBuildFile; fileRef = 71C6F24926F25BBE00224D2E /* Kingfisher.xcframework */; settings = {ATTRIBUTES = (CodeSignOnCopy, RemoveHeadersOnCopy, ); }; };
		71C6F24E26F25BBE00224D2E /* Alamofire.xcframework in Frameworks */ = {isa = PBXBuildFile; fileRef = 71C6F24A26F25BBE00224D2E /* Alamofire.xcframework */; };
		71C6F24F26F25BBE00224D2E /* Alamofire.xcframework in Embed Frameworks */ = {isa = PBXBuildFile; fileRef = 71C6F24A26F25BBE00224D2E /* Alamofire.xcframework */; settings = {ATTRIBUTES = (CodeSignOnCopy, RemoveHeadersOnCopy, ); }; };
		71C6F25026F25BBE00224D2E /* VKSdkFramework.xcframework in Frameworks */ = {isa = PBXBuildFile; fileRef = 71C6F24B26F25BBE00224D2E /* VKSdkFramework.xcframework */; };
		71C6F25126F25BBE00224D2E /* VKSdkFramework.xcframework in Embed Frameworks */ = {isa = PBXBuildFile; fileRef = 71C6F24B26F25BBE00224D2E /* VKSdkFramework.xcframework */; settings = {ATTRIBUTES = (CodeSignOnCopy, RemoveHeadersOnCopy, ); }; };
/* End PBXBuildFile section */

/* Begin PBXCopyFilesBuildPhase section */
		71C6F25226F25BBE00224D2E /* Embed Frameworks */ = {
			isa = PBXCopyFilesBuildPhase;
			buildActionMask = 2147483647;
			dstPath = "";
			dstSubfolderSpec = 10;
			files = (
				71C6F24F26F25BBE00224D2E /* Alamofire.xcframework in Embed Frameworks */,
				71C6F24D26F25BBE00224D2E /* Kingfisher.xcframework in Embed Frameworks */,
				71C6F25126F25BBE00224D2E /* VKSdkFramework.xcframework in Embed Frameworks */,
			);
			name = "Embed Frameworks";
			runOnlyForDeploymentPostprocessing = 0;
		};
/* End PBXCopyFilesBuildPhase section */

/* Begin PBXFileReference section */
		7154D0DB26F51F4E00266E37 /* NewsFeedDataLoader.swift */ = {isa = PBXFileReference; lastKnownFileType = sourcecode.swift; path = NewsFeedDataLoader.swift; sourceTree = "<group>"; };
		7154D0DF26F5217300266E37 /* NewsFeedDataLoaderDelegate.swift */ = {isa = PBXFileReference; lastKnownFileType = sourcecode.swift; path = NewsFeedDataLoaderDelegate.swift; sourceTree = "<group>"; };
		7183328526F3104300F73983 /* AuthenticationService.swift */ = {isa = PBXFileReference; lastKnownFileType = sourcecode.swift; path = AuthenticationService.swift; sourceTree = "<group>"; };
		7183328A26F3145800F73983 /* AuthenticationServiceDelegate.swift */ = {isa = PBXFileReference; lastKnownFileType = sourcecode.swift; path = AuthenticationServiceDelegate.swift; sourceTree = "<group>"; };
		7183328C26F31DAB00F73983 /* NewsFeedViewController.swift */ = {isa = PBXFileReference; lastKnownFileType = sourcecode.swift; path = NewsFeedViewController.swift; sourceTree = "<group>"; };
		7183328E26F31FE400F73983 /* NewsFeedView.swift */ = {isa = PBXFileReference; lastKnownFileType = sourcecode.swift; path = NewsFeedView.swift; sourceTree = "<group>"; };
		7183329126F32CEF00F73983 /* APIMethod.swift */ = {isa = PBXFileReference; lastKnownFileType = sourcecode.swift; path = APIMethod.swift; sourceTree = "<group>"; };
		7183329326F32F4A00F73983 /* NetworkService.swift */ = {isa = PBXFileReference; lastKnownFileType = sourcecode.swift; path = NetworkService.swift; sourceTree = "<group>"; };
		7183329626F332FC00F73983 /* SceneDelegateTopMostViewControllerExtension.swift */ = {isa = PBXFileReference; lastKnownFileType = sourcecode.swift; path = SceneDelegateTopMostViewControllerExtension.swift; sourceTree = "<group>"; };
		71985BB626F381C500EE1C66 /* WrappedFeedResponse.swift */ = {isa = PBXFileReference; lastKnownFileType = sourcecode.swift; path = WrappedFeedResponse.swift; sourceTree = "<group>"; };
		71985BB826F382B400EE1C66 /* FeedItem.swift */ = {isa = PBXFileReference; lastKnownFileType = sourcecode.swift; path = FeedItem.swift; sourceTree = "<group>"; };
		71985BBA26F382CF00EE1C66 /* Count.swift */ = {isa = PBXFileReference; lastKnownFileType = sourcecode.swift; path = Count.swift; sourceTree = "<group>"; };
		71985BBC26F3833200EE1C66 /* Profile.swift */ = {isa = PBXFileReference; lastKnownFileType = sourcecode.swift; path = Profile.swift; sourceTree = "<group>"; };
		71985BBE26F3864D00EE1C66 /* Attachment.swift */ = {isa = PBXFileReference; lastKnownFileType = sourcecode.swift; path = Attachment.swift; sourceTree = "<group>"; };
		71985BC026F386A300EE1C66 /* Photo.swift */ = {isa = PBXFileReference; lastKnownFileType = sourcecode.swift; path = Photo.swift; sourceTree = "<group>"; };
		71985BC226F386CA00EE1C66 /* Group.swift */ = {isa = PBXFileReference; lastKnownFileType = sourcecode.swift; path = Group.swift; sourceTree = "<group>"; };
		71985BC426F386D600EE1C66 /* PhotoSize.swift */ = {isa = PBXFileReference; lastKnownFileType = sourcecode.swift; path = PhotoSize.swift; sourceTree = "<group>"; };
		71985BC726F388EB00EE1C66 /* Image.swift */ = {isa = PBXFileReference; lastKnownFileType = sourcecode.swift; path = Image.swift; sourceTree = "<group>"; };
		71985BC926F3890200EE1C66 /* Video.swift */ = {isa = PBXFileReference; lastKnownFileType = sourcecode.swift; path = Video.swift; sourceTree = "<group>"; };
		71985BCC26F3A48200EE1C66 /* FeedResponse.swift */ = {isa = PBXFileReference; lastKnownFileType = sourcecode.swift; name = FeedResponse.swift; path = ../../../../../Documents/FeedResponse.swift; sourceTree = "<group>"; };
		71BBAE9526F4B66D0052CD04 /* NewsFeedCollectionViewCell.swift */ = {isa = PBXFileReference; lastKnownFileType = sourcecode.swift; path = NewsFeedCollectionViewCell.swift; sourceTree = "<group>"; };
		71BBAE9726F50C3F0052CD04 /* UIConstants.swift */ = {isa = PBXFileReference; lastKnownFileType = sourcecode.swift; path = UIConstants.swift; sourceTree = "<group>"; };
		71BBAE9926F513420052CD04 /* NewsFeedSizeCalculator.swift */ = {isa = PBXFileReference; lastKnownFileType = sourcecode.swift; path = NewsFeedSizeCalculator.swift; sourceTree = "<group>"; };
		71BBAE9E26F51AEC0052CD04 /* NewsFeedDataProvider.swift */ = {isa = PBXFileReference; lastKnownFileType = sourcecode.swift; path = NewsFeedDataProvider.swift; sourceTree = "<group>"; };
		71BBAEA026F51D9C0052CD04 /* DoubleReduceScaleExtension.swift */ = {isa = PBXFileReference; lastKnownFileType = sourcecode.swift; path = DoubleReduceScaleExtension.swift; sourceTree = "<group>"; };
		71BBCA2126F3AA5E0082FF3B /* NewsFeedHeaderView.swift */ = {isa = PBXFileReference; lastKnownFileType = sourcecode.swift; path = NewsFeedHeaderView.swift; sourceTree = "<group>"; };
		71BBCA2326F3AA710082FF3B /* NewsFeedTableViewCell.swift */ = {isa = PBXFileReference; lastKnownFileType = sourcecode.swift; path = NewsFeedTableViewCell.swift; sourceTree = "<group>"; };
		71BBCA2526F3AF640082FF3B /* HeaderRepresentable.swift */ = {isa = PBXFileReference; lastKnownFileType = sourcecode.swift; path = HeaderRepresentable.swift; sourceTree = "<group>"; };
		71BBCA2726F3B1990082FF3B /* NewsFeedFooterView.swift */ = {isa = PBXFileReference; lastKnownFileType = sourcecode.swift; path = NewsFeedFooterView.swift; sourceTree = "<group>"; };
		71BD7A8D26F25DF000DCA7CB /* LoginView.swift */ = {isa = PBXFileReference; lastKnownFileType = sourcecode.swift; path = LoginView.swift; sourceTree = "<group>"; };
		71C6F22D26F251FD00224D2E /* Heads-Hands-Test-Assignment.app */ = {isa = PBXFileReference; explicitFileType = wrapper.application; includeInIndex = 0; path = "Heads-Hands-Test-Assignment.app"; sourceTree = BUILT_PRODUCTS_DIR; };
		71C6F23026F251FD00224D2E /* AppDelegate.swift */ = {isa = PBXFileReference; lastKnownFileType = sourcecode.swift; path = AppDelegate.swift; sourceTree = "<group>"; };
		71C6F23226F251FD00224D2E /* SceneDelegate.swift */ = {isa = PBXFileReference; lastKnownFileType = sourcecode.swift; path = SceneDelegate.swift; sourceTree = "<group>"; };
		71C6F23426F251FD00224D2E /* LoginViewController.swift */ = {isa = PBXFileReference; lastKnownFileType = sourcecode.swift; path = LoginViewController.swift; sourceTree = "<group>"; };
		71C6F23926F251FE00224D2E /* Assets.xcassets */ = {isa = PBXFileReference; lastKnownFileType = folder.assetcatalog; path = Assets.xcassets; sourceTree = "<group>"; };
		71C6F23C26F251FE00224D2E /* Base */ = {isa = PBXFileReference; lastKnownFileType = file.storyboard; name = Base; path = Base.lproj/LaunchScreen.storyboard; sourceTree = "<group>"; };
		71C6F23E26F251FE00224D2E /* Info.plist */ = {isa = PBXFileReference; lastKnownFileType = text.plist.xml; path = Info.plist; sourceTree = "<group>"; };
		71C6F24426F255E700224D2E /* README.md */ = {isa = PBXFileReference; fileEncoding = 4; lastKnownFileType = net.daringfireball.markdown; name = README.md; path = ../README.md; sourceTree = "<group>"; };
		71C6F24626F259D400224D2E /* ApplicationCoordinator.swift */ = {isa = PBXFileReference; lastKnownFileType = sourcecode.swift; path = ApplicationCoordinator.swift; sourceTree = "<group>"; };
		71C6F24926F25BBE00224D2E /* Kingfisher.xcframework */ = {isa = PBXFileReference; lastKnownFileType = wrapper.xcframework; name = Kingfisher.xcframework; path = Carthage/Build/Kingfisher.xcframework; sourceTree = "<group>"; };
		71C6F24A26F25BBE00224D2E /* Alamofire.xcframework */ = {isa = PBXFileReference; lastKnownFileType = wrapper.xcframework; name = Alamofire.xcframework; path = Carthage/Build/Alamofire.xcframework; sourceTree = "<group>"; };
		71C6F24B26F25BBE00224D2E /* VKSdkFramework.xcframework */ = {isa = PBXFileReference; lastKnownFileType = wrapper.xcframework; name = VKSdkFramework.xcframework; path = Carthage/Build/VKSdkFramework.xcframework; sourceTree = "<group>"; };
/* End PBXFileReference section */

/* Begin PBXFrameworksBuildPhase section */
		71C6F22A26F251FD00224D2E /* Frameworks */ = {
			isa = PBXFrameworksBuildPhase;
			buildActionMask = 2147483647;
			files = (
				71C6F24E26F25BBE00224D2E /* Alamofire.xcframework in Frameworks */,
				71C6F24C26F25BBE00224D2E /* Kingfisher.xcframework in Frameworks */,
				71C6F25026F25BBE00224D2E /* VKSdkFramework.xcframework in Frameworks */,
			);
			runOnlyForDeploymentPostprocessing = 0;
		};
/* End PBXFrameworksBuildPhase section */

/* Begin PBXGroup section */
		7183328426F3102A00F73983 /* Services */ = {
			isa = PBXGroup;
			children = (
				7183329326F32F4A00F73983 /* NetworkService.swift */,
				7183328526F3104300F73983 /* AuthenticationService.swift */,
				71BBAE9926F513420052CD04 /* NewsFeedSizeCalculator.swift */,
				7154D0DB26F51F4E00266E37 /* NewsFeedDataLoader.swift */,
			);
			path = Services;
			sourceTree = "<group>";
		};
		7183328926F3144C00F73983 /* Protocols */ = {
			isa = PBXGroup;
			children = (
				7183328A26F3145800F73983 /* AuthenticationServiceDelegate.swift */,
				71BBCA2526F3AF640082FF3B /* HeaderRepresentable.swift */,
				7154D0DF26F5217300266E37 /* NewsFeedDataLoaderDelegate.swift */,
			);
			path = Protocols;
			sourceTree = "<group>";
		};
		7183329026F32CE600F73983 /* Enums */ = {
			isa = PBXGroup;
			children = (
				7183329126F32CEF00F73983 /* APIMethod.swift */,
			);
			path = Enums;
			sourceTree = "<group>";
		};
		7183329526F332EB00F73983 /* Extensions */ = {
			isa = PBXGroup;
			children = (
				7183329626F332FC00F73983 /* SceneDelegateTopMostViewControllerExtension.swift */,
				71BBAEA026F51D9C0052CD04 /* DoubleReduceScaleExtension.swift */,
			);
			path = Extensions;
			sourceTree = "<group>";
		};
		71985BCB26F3890D00EE1C66 /* AttachmentModels */ = {
			isa = PBXGroup;
			children = (
				71985BC026F386A300EE1C66 /* Photo.swift */,
				71985BC426F386D600EE1C66 /* PhotoSize.swift */,
				71985BC726F388EB00EE1C66 /* Image.swift */,
				71985BC926F3890200EE1C66 /* Video.swift */,
			);
			path = AttachmentModels;
			sourceTree = "<group>";
		};
		71BBAEA226F51E200052CD04 /* DataProviders */ = {
			isa = PBXGroup;
			children = (
				71BBAE9E26F51AEC0052CD04 /* NewsFeedDataProvider.swift */,
			);
			path = DataProviders;
			sourceTree = "<group>";
		};
		71BBCA2926F3B1AC0082FF3B /* NewsFeedTableViewCell */ = {
			isa = PBXGroup;
			children = (
				71BBCA2326F3AA710082FF3B /* NewsFeedTableViewCell.swift */,
				71BBCA2126F3AA5E0082FF3B /* NewsFeedHeaderView.swift */,
				71BBCA2726F3B1990082FF3B /* NewsFeedFooterView.swift */,
			);
			path = NewsFeedTableViewCell;
			sourceTree = "<group>";
		};
		71BD7A8A26F25DBB00DCA7CB /* Models */ = {
			isa = PBXGroup;
			children = (
				71BBAE9726F50C3F0052CD04 /* UIConstants.swift */,
				71985BB626F381C500EE1C66 /* WrappedFeedResponse.swift */,
				71985BCC26F3A48200EE1C66 /* FeedResponse.swift */,
				71985BB826F382B400EE1C66 /* FeedItem.swift */,
				71985BBC26F3833200EE1C66 /* Profile.swift */,
				71985BC226F386CA00EE1C66 /* Group.swift */,
				71985BBA26F382CF00EE1C66 /* Count.swift */,
				71985BBE26F3864D00EE1C66 /* Attachment.swift */,
				71985BCB26F3890D00EE1C66 /* AttachmentModels */,
			);
			path = Models;
			sourceTree = "<group>";
		};
		71BD7A8B26F25DBF00DCA7CB /* Views */ = {
			isa = PBXGroup;
			children = (
				71BD7A8D26F25DF000DCA7CB /* LoginView.swift */,
				7183328E26F31FE400F73983 /* NewsFeedView.swift */,
				71BBAE9526F4B66D0052CD04 /* NewsFeedCollectionViewCell.swift */,
				71BBCA2926F3B1AC0082FF3B /* NewsFeedTableViewCell */,
			);
			path = Views;
			sourceTree = "<group>";
		};
		71BD7A8C26F25DC500DCA7CB /* Controllers */ = {
			isa = PBXGroup;
			children = (
				71C6F23426F251FD00224D2E /* LoginViewController.swift */,
				7183328C26F31DAB00F73983 /* NewsFeedViewController.swift */,
			);
			path = Controllers;
			sourceTree = "<group>";
		};
		71C6F22426F251FD00224D2E = {
			isa = PBXGroup;
			children = (
				71C6F24426F255E700224D2E /* README.md */,
				71C6F22F26F251FD00224D2E /* Heads-Hands-Test-Assignment */,
				71C6F22E26F251FD00224D2E /* Products */,
				71C6F24826F25BBE00224D2E /* Frameworks */,
			);
			sourceTree = "<group>";
		};
		71C6F22E26F251FD00224D2E /* Products */ = {
			isa = PBXGroup;
			children = (
				71C6F22D26F251FD00224D2E /* Heads-Hands-Test-Assignment.app */,
			);
			name = Products;
			sourceTree = "<group>";
		};
		71C6F22F26F251FD00224D2E /* Heads-Hands-Test-Assignment */ = {
			isa = PBXGroup;
			children = (
				71C6F23026F251FD00224D2E /* AppDelegate.swift */,
				71C6F23226F251FD00224D2E /* SceneDelegate.swift */,
				71C6F24626F259D400224D2E /* ApplicationCoordinator.swift */,
				7183328926F3144C00F73983 /* Protocols */,
				7183328426F3102A00F73983 /* Services */,
				71BBAEA226F51E200052CD04 /* DataProviders */,
				7183329026F32CE600F73983 /* Enums */,
				71BD7A8A26F25DBB00DCA7CB /* Models */,
				71BD7A8B26F25DBF00DCA7CB /* Views */,
				71BD7A8C26F25DC500DCA7CB /* Controllers */,
				7183329526F332EB00F73983 /* Extensions */,
				71C6F23926F251FE00224D2E /* Assets.xcassets */,
				71C6F23B26F251FE00224D2E /* LaunchScreen.storyboard */,
				71C6F23E26F251FE00224D2E /* Info.plist */,
			);
			path = "Heads-Hands-Test-Assignment";
			sourceTree = "<group>";
		};
		71C6F24826F25BBE00224D2E /* Frameworks */ = {
			isa = PBXGroup;
			children = (
				71C6F24A26F25BBE00224D2E /* Alamofire.xcframework */,
				71C6F24926F25BBE00224D2E /* Kingfisher.xcframework */,
				71C6F24B26F25BBE00224D2E /* VKSdkFramework.xcframework */,
			);
			name = Frameworks;
			sourceTree = "<group>";
		};
/* End PBXGroup section */

/* Begin PBXNativeTarget section */
		71C6F22C26F251FD00224D2E /* Heads-Hands-Test-Assignment */ = {
			isa = PBXNativeTarget;
			buildConfigurationList = 71C6F24126F251FE00224D2E /* Build configuration list for PBXNativeTarget "Heads-Hands-Test-Assignment" */;
			buildPhases = (
				71C6F22926F251FD00224D2E /* Sources */,
				71C6F22A26F251FD00224D2E /* Frameworks */,
				71C6F22B26F251FD00224D2E /* Resources */,
				71C6F25226F25BBE00224D2E /* Embed Frameworks */,
			);
			buildRules = (
			);
			dependencies = (
			);
			name = "Heads-Hands-Test-Assignment";
			productName = "Heads-Hands-Test-Assignment";
			productReference = 71C6F22D26F251FD00224D2E /* Heads-Hands-Test-Assignment.app */;
			productType = "com.apple.product-type.application";
		};
/* End PBXNativeTarget section */

/* Begin PBXProject section */
		71C6F22526F251FD00224D2E /* Project object */ = {
			isa = PBXProject;
			attributes = {
				LastSwiftUpdateCheck = 1250;
				LastUpgradeCheck = 1250;
				TargetAttributes = {
					71C6F22C26F251FD00224D2E = {
						CreatedOnToolsVersion = 12.5.1;
					};
				};
			};
			buildConfigurationList = 71C6F22826F251FD00224D2E /* Build configuration list for PBXProject "Heads-Hands-Test-Assignment" */;
			compatibilityVersion = "Xcode 9.3";
			developmentRegion = en;
			hasScannedForEncodings = 0;
			knownRegions = (
				en,
				Base,
			);
			mainGroup = 71C6F22426F251FD00224D2E;
			productRefGroup = 71C6F22E26F251FD00224D2E /* Products */;
			projectDirPath = "";
			projectRoot = "";
			targets = (
				71C6F22C26F251FD00224D2E /* Heads-Hands-Test-Assignment */,
			);
		};
/* End PBXProject section */

/* Begin PBXResourcesBuildPhase section */
		71C6F22B26F251FD00224D2E /* Resources */ = {
			isa = PBXResourcesBuildPhase;
			buildActionMask = 2147483647;
			files = (
				71C6F23D26F251FE00224D2E /* LaunchScreen.storyboard in Resources */,
				71C6F23A26F251FE00224D2E /* Assets.xcassets in Resources */,
				71C6F24526F255E700224D2E /* README.md in Resources */,
			);
			runOnlyForDeploymentPostprocessing = 0;
		};
/* End PBXResourcesBuildPhase section */

/* Begin PBXSourcesBuildPhase section */
		71C6F22926F251FD00224D2E /* Sources */ = {
			isa = PBXSourcesBuildPhase;
			buildActionMask = 2147483647;
			files = (
				71985BC526F386D600EE1C66 /* PhotoSize.swift in Sources */,
				71985BBD26F3833200EE1C66 /* Profile.swift in Sources */,
				71C6F23526F251FD00224D2E /* LoginViewController.swift in Sources */,
				71BBCA2426F3AA710082FF3B /* NewsFeedTableViewCell.swift in Sources */,
				71985BC326F386CA00EE1C66 /* Group.swift in Sources */,
				71BBAE9F26F51AEC0052CD04 /* NewsFeedDataProvider.swift in Sources */,
				71BBAEA126F51D9C0052CD04 /* DoubleReduceScaleExtension.swift in Sources */,
				71BBAE9826F50C3F0052CD04 /* UIConstants.swift in Sources */,
				71C6F23126F251FD00224D2E /* AppDelegate.swift in Sources */,
				7183328D26F31DAB00F73983 /* NewsFeedViewController.swift in Sources */,
				7183329226F32CF000F73983 /* APIMethod.swift in Sources */,
				7183328B26F3145800F73983 /* AuthenticationServiceDelegate.swift in Sources */,
				71985BC826F388EB00EE1C66 /* Image.swift in Sources */,
				71BBAE9626F4B66D0052CD04 /* NewsFeedCollectionViewCell.swift in Sources */,
				71C6F23326F251FD00224D2E /* SceneDelegate.swift in Sources */,
				7183328626F3104300F73983 /* AuthenticationService.swift in Sources */,
				71985BCA26F3890200EE1C66 /* Video.swift in Sources */,
				71985BB926F382B400EE1C66 /* FeedItem.swift in Sources */,
				71985BBF26F3864D00EE1C66 /* Attachment.swift in Sources */,
				71BD7A8E26F25DF000DCA7CB /* LoginView.swift in Sources */,
				71985BC126F386A300EE1C66 /* Photo.swift in Sources */,
				71985BBB26F382CF00EE1C66 /* Count.swift in Sources */,
				71BBCA2226F3AA5E0082FF3B /* NewsFeedHeaderView.swift in Sources */,
				71C6F24726F259D400224D2E /* ApplicationCoordinator.swift in Sources */,
				71985BB726F381C500EE1C66 /* WrappedFeedResponse.swift in Sources */,
				71BBCA2626F3AF640082FF3B /* HeaderRepresentable.swift in Sources */,
				71985BCD26F3A48200EE1C66 /* FeedResponse.swift in Sources */,
				7154D0DC26F51F4E00266E37 /* NewsFeedDataLoader.swift in Sources */,
				71BBCA2826F3B1990082FF3B /* NewsFeedFooterView.swift in Sources */,
				7183329426F32F4A00F73983 /* NetworkService.swift in Sources */,
				71BBAE9A26F513420052CD04 /* NewsFeedSizeCalculator.swift in Sources */,
				7183328F26F31FE400F73983 /* NewsFeedView.swift in Sources */,
				7154D0E026F5217300266E37 /* NewsFeedDataLoaderDelegate.swift in Sources */,
				7183329726F332FC00F73983 /* SceneDelegateTopMostViewControllerExtension.swift in Sources */,
			);
			runOnlyForDeploymentPostprocessing = 0;
		};
/* End PBXSourcesBuildPhase section */

/* Begin PBXVariantGroup section */
		71C6F23B26F251FE00224D2E /* LaunchScreen.storyboard */ = {
			isa = PBXVariantGroup;
			children = (
				71C6F23C26F251FE00224D2E /* Base */,
			);
			name = LaunchScreen.storyboard;
			sourceTree = "<group>";
		};
/* End PBXVariantGroup section */

/* Begin XCBuildConfiguration section */
		71C6F23F26F251FE00224D2E /* Debug */ = {
			isa = XCBuildConfiguration;
			buildSettings = {
				ALWAYS_SEARCH_USER_PATHS = NO;
				CLANG_ANALYZER_NONNULL = YES;
				CLANG_ANALYZER_NUMBER_OBJECT_CONVERSION = YES_AGGRESSIVE;
				CLANG_CXX_LANGUAGE_STANDARD = "gnu++14";
				CLANG_CXX_LIBRARY = "libc++";
				CLANG_ENABLE_MODULES = YES;
				CLANG_ENABLE_OBJC_ARC = YES;
				CLANG_ENABLE_OBJC_WEAK = YES;
				CLANG_WARN_BLOCK_CAPTURE_AUTORELEASING = YES;
				CLANG_WARN_BOOL_CONVERSION = YES;
				CLANG_WARN_COMMA = YES;
				CLANG_WARN_CONSTANT_CONVERSION = YES;
				CLANG_WARN_DEPRECATED_OBJC_IMPLEMENTATIONS = YES;
				CLANG_WARN_DIRECT_OBJC_ISA_USAGE = YES_ERROR;
				CLANG_WARN_DOCUMENTATION_COMMENTS = YES;
				CLANG_WARN_EMPTY_BODY = YES;
				CLANG_WARN_ENUM_CONVERSION = YES;
				CLANG_WARN_INFINITE_RECURSION = YES;
				CLANG_WARN_INT_CONVERSION = YES;
				CLANG_WARN_NON_LITERAL_NULL_CONVERSION = YES;
				CLANG_WARN_OBJC_IMPLICIT_RETAIN_SELF = YES;
				CLANG_WARN_OBJC_LITERAL_CONVERSION = YES;
				CLANG_WARN_OBJC_ROOT_CLASS = YES_ERROR;
				CLANG_WARN_QUOTED_INCLUDE_IN_FRAMEWORK_HEADER = YES;
				CLANG_WARN_RANGE_LOOP_ANALYSIS = YES;
				CLANG_WARN_STRICT_PROTOTYPES = YES;
				CLANG_WARN_SUSPICIOUS_MOVE = YES;
				CLANG_WARN_UNGUARDED_AVAILABILITY = YES_AGGRESSIVE;
				CLANG_WARN_UNREACHABLE_CODE = YES;
				CLANG_WARN__DUPLICATE_METHOD_MATCH = YES;
				COPY_PHASE_STRIP = NO;
				DEBUG_INFORMATION_FORMAT = dwarf;
				ENABLE_STRICT_OBJC_MSGSEND = YES;
				ENABLE_TESTABILITY = YES;
				GCC_C_LANGUAGE_STANDARD = gnu11;
				GCC_DYNAMIC_NO_PIC = NO;
				GCC_NO_COMMON_BLOCKS = YES;
				GCC_OPTIMIZATION_LEVEL = 0;
				GCC_PREPROCESSOR_DEFINITIONS = (
					"DEBUG=1",
					"$(inherited)",
				);
				GCC_WARN_64_TO_32_BIT_CONVERSION = YES;
				GCC_WARN_ABOUT_RETURN_TYPE = YES_ERROR;
				GCC_WARN_UNDECLARED_SELECTOR = YES;
				GCC_WARN_UNINITIALIZED_AUTOS = YES_AGGRESSIVE;
				GCC_WARN_UNUSED_FUNCTION = YES;
				GCC_WARN_UNUSED_VARIABLE = YES;
				IPHONEOS_DEPLOYMENT_TARGET = 14.5;
				MTL_ENABLE_DEBUG_INFO = INCLUDE_SOURCE;
				MTL_FAST_MATH = YES;
				ONLY_ACTIVE_ARCH = YES;
				SDKROOT = iphoneos;
				SWIFT_ACTIVE_COMPILATION_CONDITIONS = DEBUG;
				SWIFT_OPTIMIZATION_LEVEL = "-Onone";
			};
			name = Debug;
		};
		71C6F24026F251FE00224D2E /* Release */ = {
			isa = XCBuildConfiguration;
			buildSettings = {
				ALWAYS_SEARCH_USER_PATHS = NO;
				CLANG_ANALYZER_NONNULL = YES;
				CLANG_ANALYZER_NUMBER_OBJECT_CONVERSION = YES_AGGRESSIVE;
				CLANG_CXX_LANGUAGE_STANDARD = "gnu++14";
				CLANG_CXX_LIBRARY = "libc++";
				CLANG_ENABLE_MODULES = YES;
				CLANG_ENABLE_OBJC_ARC = YES;
				CLANG_ENABLE_OBJC_WEAK = YES;
				CLANG_WARN_BLOCK_CAPTURE_AUTORELEASING = YES;
				CLANG_WARN_BOOL_CONVERSION = YES;
				CLANG_WARN_COMMA = YES;
				CLANG_WARN_CONSTANT_CONVERSION = YES;
				CLANG_WARN_DEPRECATED_OBJC_IMPLEMENTATIONS = YES;
				CLANG_WARN_DIRECT_OBJC_ISA_USAGE = YES_ERROR;
				CLANG_WARN_DOCUMENTATION_COMMENTS = YES;
				CLANG_WARN_EMPTY_BODY = YES;
				CLANG_WARN_ENUM_CONVERSION = YES;
				CLANG_WARN_INFINITE_RECURSION = YES;
				CLANG_WARN_INT_CONVERSION = YES;
				CLANG_WARN_NON_LITERAL_NULL_CONVERSION = YES;
				CLANG_WARN_OBJC_IMPLICIT_RETAIN_SELF = YES;
				CLANG_WARN_OBJC_LITERAL_CONVERSION = YES;
				CLANG_WARN_OBJC_ROOT_CLASS = YES_ERROR;
				CLANG_WARN_QUOTED_INCLUDE_IN_FRAMEWORK_HEADER = YES;
				CLANG_WARN_RANGE_LOOP_ANALYSIS = YES;
				CLANG_WARN_STRICT_PROTOTYPES = YES;
				CLANG_WARN_SUSPICIOUS_MOVE = YES;
				CLANG_WARN_UNGUARDED_AVAILABILITY = YES_AGGRESSIVE;
				CLANG_WARN_UNREACHABLE_CODE = YES;
				CLANG_WARN__DUPLICATE_METHOD_MATCH = YES;
				COPY_PHASE_STRIP = NO;
				DEBUG_INFORMATION_FORMAT = "dwarf-with-dsym";
				ENABLE_NS_ASSERTIONS = NO;
				ENABLE_STRICT_OBJC_MSGSEND = YES;
				GCC_C_LANGUAGE_STANDARD = gnu11;
				GCC_NO_COMMON_BLOCKS = YES;
				GCC_WARN_64_TO_32_BIT_CONVERSION = YES;
				GCC_WARN_ABOUT_RETURN_TYPE = YES_ERROR;
				GCC_WARN_UNDECLARED_SELECTOR = YES;
				GCC_WARN_UNINITIALIZED_AUTOS = YES_AGGRESSIVE;
				GCC_WARN_UNUSED_FUNCTION = YES;
				GCC_WARN_UNUSED_VARIABLE = YES;
				IPHONEOS_DEPLOYMENT_TARGET = 14.5;
				MTL_ENABLE_DEBUG_INFO = NO;
				MTL_FAST_MATH = YES;
				SDKROOT = iphoneos;
				SWIFT_COMPILATION_MODE = wholemodule;
				SWIFT_OPTIMIZATION_LEVEL = "-O";
				VALIDATE_PRODUCT = YES;
			};
			name = Release;
		};
		71C6F24226F251FE00224D2E /* Debug */ = {
			isa = XCBuildConfiguration;
			buildSettings = {
				ASSETCATALOG_COMPILER_APPICON_NAME = AppIcon;
				ASSETCATALOG_COMPILER_GLOBAL_ACCENT_COLOR_NAME = AccentColor;
				CODE_SIGN_STYLE = Automatic;
				DEVELOPMENT_TEAM = A46C2G8GT3;
				INFOPLIST_FILE = "Heads-Hands-Test-Assignment/Info.plist";
				LD_RUNPATH_SEARCH_PATHS = (
					"$(inherited)",
					"@executable_path/Frameworks",
				);
				PRODUCT_BUNDLE_IDENTIFIER = "com.kirillpustovalov.Heads-Hands-Test-Assignment";
				PRODUCT_NAME = "$(TARGET_NAME)";
				SWIFT_VERSION = 5.0;
				TARGETED_DEVICE_FAMILY = "1,2";
			};
			name = Debug;
		};
		71C6F24326F251FE00224D2E /* Release */ = {
			isa = XCBuildConfiguration;
			buildSettings = {
				ASSETCATALOG_COMPILER_APPICON_NAME = AppIcon;
				ASSETCATALOG_COMPILER_GLOBAL_ACCENT_COLOR_NAME = AccentColor;
				CODE_SIGN_STYLE = Automatic;
				DEVELOPMENT_TEAM = A46C2G8GT3;
				INFOPLIST_FILE = "Heads-Hands-Test-Assignment/Info.plist";
				LD_RUNPATH_SEARCH_PATHS = (
					"$(inherited)",
					"@executable_path/Frameworks",
				);
				PRODUCT_BUNDLE_IDENTIFIER = "com.kirillpustovalov.Heads-Hands-Test-Assignment";
				PRODUCT_NAME = "$(TARGET_NAME)";
				SWIFT_VERSION = 5.0;
				TARGETED_DEVICE_FAMILY = "1,2";
			};
			name = Release;
		};
/* End XCBuildConfiguration section */

/* Begin XCConfigurationList section */
		71C6F22826F251FD00224D2E /* Build configuration list for PBXProject "Heads-Hands-Test-Assignment" */ = {
			isa = XCConfigurationList;
			buildConfigurations = (
				71C6F23F26F251FE00224D2E /* Debug */,
				71C6F24026F251FE00224D2E /* Release */,
			);
			defaultConfigurationIsVisible = 0;
			defaultConfigurationName = Release;
		};
		71C6F24126F251FE00224D2E /* Build configuration list for PBXNativeTarget "Heads-Hands-Test-Assignment" */ = {
			isa = XCConfigurationList;
			buildConfigurations = (
				71C6F24226F251FE00224D2E /* Debug */,
				71C6F24326F251FE00224D2E /* Release */,
			);
			defaultConfigurationIsVisible = 0;
			defaultConfigurationName = Release;
		};
/* End XCConfigurationList section */
	};
	rootObject = 71C6F22526F251FD00224D2E /* Project object */;
}
